[[package]]
name = "albumentations"
version = "1.1.0"
description = "Fast image augmentation library and easy to use wrapper around other libraries"
category = "main"
optional = false
python-versions = ">=3.6"

[package.dependencies]
numpy = ">=1.11.1"
opencv-python-headless = ">=4.1.1"
PyYAML = "*"
qudida = ">=0.0.4"
scikit-image = ">=0.16.1"
scipy = "*"

[package.extras]
develop = ["pytest", "imgaug (>=0.4.0)"]
imgaug = ["imgaug (>=0.4.0)"]
tests = ["pytest"]

[[package]]
name = "cycler"
version = "0.11.0"
description = "Composable style cycles"
category = "main"
optional = false
python-versions = ">=3.6"

[[package]]
name = "imageio"
version = "2.9.0"
description = "Library for reading and writing a wide range of image, video, scientific, and volumetric data formats."
category = "main"
optional = false
python-versions = ">=3.5"

[package.dependencies]
numpy = "*"
pillow = "*"

[package.extras]
ffmpeg = ["imageio-ffmpeg"]
fits = ["astropy"]
full = ["astropy", "gdal", "imageio-ffmpeg", "itk"]
gdal = ["gdal"]
itk = ["itk"]

[[package]]
name = "joblib"
version = "1.2.0"
description = "Lightweight pipelining with Python functions"
category = "main"
optional = false
python-versions = ">=3.7"

[[package]]
name = "kiwisolver"
version = "1.4.4"
description = "A fast implementation of the Cassowary constraint solver"
category = "main"
optional = false
python-versions = ">=3.7"

[[package]]
name = "matplotlib"
version = "3.3.4"
description = "Python plotting package"
category = "main"
optional = false
python-versions = ">=3.6"

[package.dependencies]
cycler = ">=0.10"
kiwisolver = ">=1.0.1"
numpy = ">=1.15"
pillow = ">=6.2.0"
pyparsing = ">=2.0.3,<2.0.4 || >2.0.4,<2.1.2 || >2.1.2,<2.1.6 || >2.1.6"
python-dateutil = ">=2.1"

[[package]]
name = "networkx"
version = "3.1"
description = "Python package for creating and manipulating graphs and networks"
category = "main"
optional = false
python-versions = ">=3.8"

[package.extras]
default = ["numpy (>=1.20)", "scipy (>=1.8)", "matplotlib (>=3.4)", "pandas (>=1.3)"]
developer = ["pre-commit (>=3.2)", "mypy (>=1.1)"]
doc = ["sphinx (>=6.1)", "pydata-sphinx-theme (>=0.13)", "sphinx-gallery (>=0.12)", "numpydoc (>=1.5)", "pillow (>=9.4)", "nb2plots (>=0.6)", "texext (>=0.6.7)"]
extra = ["lxml (>=4.6)", "pygraphviz (>=1.10)", "pydot (>=1.4.2)", "sympy (>=1.10)"]
test = ["pytest (>=7.2)", "pytest-cov (>=4.0)", "codecov (>=2.1)"]

[[package]]
name = "numpy"
version = "1.20.1"
description = "NumPy is the fundamental package for array computing with Python."
category = "main"
optional = false
python-versions = ">=3.7"

[[package]]
name = "opencv-python"
version = "4.5.1.48"
description = "Wrapper package for OpenCV python bindings."
category = "main"
optional = false
python-versions = ">=3.6"

[package.dependencies]
numpy = ">=1.17.3"

[[package]]
name = "opencv-python-headless"
version = "4.5.2.54"
description = "Wrapper package for OpenCV python bindings."
category = "main"
optional = false
python-versions = ">=3.6"

[package.dependencies]
numpy = ">=1.13.3"

[[package]]
name = "opencv-python-headless"
version = "4.5.5.64"
description = "Wrapper package for OpenCV python bindings."
category = "main"
optional = false
python-versions = ">=3.6"

[package.dependencies]
numpy = [
    {version = ">=1.19.3", markers = "python_version >= \"3.6\" and platform_system == \"Linux\" and platform_machine == \"aarch64\" or python_version >= \"3.9\""},
    {version = ">=1.14.5", markers = "python_version >= \"3.7\""},
    {version = ">=1.17.3", markers = "python_version >= \"3.8\""},
]

[[package]]
name = "opencv-python-headless"
version = "4.6.0.66"
description = "Wrapper package for OpenCV python bindings."
category = "main"
optional = false
python-versions = ">=3.6"

[package.dependencies]
numpy = [
    {version = ">=1.19.3", markers = "python_version >= \"3.6\" and platform_system == \"Linux\" and platform_machine == \"aarch64\" or python_version >= \"3.9\""},
    {version = ">=1.14.5", markers = "python_version >= \"3.7\""},
    {version = ">=1.17.3", markers = "python_version >= \"3.8\""},
]

[[package]]
name = "opencv-python-headless"
version = "4.7.0.72"
description = "Wrapper package for OpenCV python bindings."
category = "main"
optional = false
python-versions = ">=3.6"

[package.dependencies]
numpy = [
    {version = ">=1.19.3", markers = "python_version >= \"3.6\" and platform_system == \"Linux\" and platform_machine == \"aarch64\" or python_version >= \"3.9\""},
    {version = ">=1.17.0", markers = "python_version >= \"3.7\""},
    {version = ">=1.17.3", markers = "python_version >= \"3.8\""},
]

[[package]]
name = "packaging"
version = "23.1"
description = "Core utilities for Python packages"
category = "main"
optional = false
python-versions = ">=3.7"

[[package]]
name = "pillow"
version = "8.1.2"
description = "Python Imaging Library (Fork)"
category = "main"
optional = false
python-versions = ">=3.6"

[[package]]
name = "pyparsing"
version = "3.0.9"
description = "pyparsing module - Classes and methods to define and execute parsing grammars"
category = "main"
optional = false
python-versions = ">=3.6.8"

[package.extras]
diagrams = ["railroad-diagrams", "jinja2"]

[[package]]
name = "python-dateutil"
version = "2.8.2"
description = "Extensions to the standard Python datetime module"
category = "main"
optional = false
python-versions = "!=3.0.*,!=3.1.*,!=3.2.*,>=2.7"

[package.dependencies]
six = ">=1.5"

[[package]]
name = "pywavelets"
version = "1.4.1"
description = "PyWavelets, wavelet transform module"
category = "main"
optional = false
python-versions = ">=3.8"

[package.dependencies]
numpy = ">=1.17.3"

[[package]]
name = "pyyaml"
version = "6.0"
description = "YAML parser and emitter for Python"
category = "main"
optional = false
python-versions = ">=3.6"

[[package]]
name = "qudida"
version = "0.0.4"
description = "QUick and DIrty Domain Adaptation"
category = "main"
optional = false
python-versions = ">=3.5.0"

[package.dependencies]
numpy = ">=0.18.0"
opencv-python-headless = ">=4.0.1"
scikit-learn = ">=0.19.1"
typing-extensions = "*"

[[package]]
name = "scikit-image"
version = "0.19.3"
description = "Image processing in Python"
category = "main"
optional = false
python-versions = ">=3.7"

[package.dependencies]
imageio = ">=2.4.1"
networkx = ">=2.2"
numpy = ">=1.17.0"
packaging = ">=20.0"
pillow = ">=6.1.0,<7.1.0 || >7.1.0,<7.1.1 || >7.1.1,<8.3.0 || >8.3.0"
PyWavelets = ">=1.1.1"
scipy = ">=1.4.1"
tifffile = ">=2019.7.26"

[package.extras]
data = ["pooch (>=1.3.0)"]
docs = ["sphinx (>=1.8)", "sphinx-gallery (>=0.10.1)", "numpydoc (>=1.0)", "sphinx-copybutton", "pytest-runner", "scikit-learn", "matplotlib (>=3.3)", "dask[array] (>=0.15.0,!=2.17.0)", "cloudpickle (>=0.2.1)", "pandas (>=0.23.0)", "seaborn (>=0.7.1)", "pooch (>=1.3.0)", "tifffile (>=2020.5.30)", "myst-parser", "ipywidgets", "plotly (>=4.14.0)", "kaleido"]
optional = ["simpleitk", "astropy (>=3.1.2)", "cloudpickle (>=0.2.1)", "dask[array] (>=1.0.0,!=2.17.0)", "matplotlib (>=3.0.3)", "pooch (>=1.3.0)", "pyamg", "qtpy"]
test = ["asv", "codecov", "flake8", "matplotlib (>=3.0.3)", "pooch (>=1.3.0)", "pytest (>=5.2.0)", "pytest-cov (>=2.7.0)", "pytest-localserver", "pytest-faulthandler"]

[[package]]
name = "scikit-learn"
version = "1.2.2"
description = "A set of python modules for machine learning and data mining"
category = "main"
optional = false
python-versions = ">=3.8"

[package.dependencies]
joblib = ">=1.1.1"
numpy = ">=1.17.3"
scipy = ">=1.3.2"
threadpoolctl = ">=2.0.0"

[package.extras]
benchmark = ["matplotlib (>=3.1.3)", "pandas (>=1.0.5)", "memory-profiler (>=0.57.0)"]
docs = ["matplotlib (>=3.1.3)", "scikit-image (>=0.16.2)", "pandas (>=1.0.5)", "seaborn (>=0.9.0)", "memory-profiler (>=0.57.0)", "sphinx (>=4.0.1)", "sphinx-gallery (>=0.7.0)", "numpydoc (>=1.2.0)", "Pillow (>=7.1.2)", "pooch (>=1.6.0)", "sphinx-prompt (>=1.3.0)", "sphinxext-opengraph (>=0.4.2)", "plotly (>=5.10.0)"]
examples = ["matplotlib (>=3.1.3)", "scikit-image (>=0.16.2)", "pandas (>=1.0.5)", "seaborn (>=0.9.0)", "pooch (>=1.6.0)", "plotly (>=5.10.0)"]
tests = ["matplotlib (>=3.1.3)", "scikit-image (>=0.16.2)", "pandas (>=1.0.5)", "pytest (>=5.3.1)", "pytest-cov (>=2.9.0)", "flake8 (>=3.8.2)", "black (>=22.3.0)", "mypy (>=0.961)", "pyamg (>=4.0.0)", "numpydoc (>=1.2.0)", "pooch (>=1.6.0)"]

[[package]]
name = "scipy"
version = "1.9.3"
description = "Fundamental algorithms for scientific computing in Python"
category = "main"
optional = false
python-versions = ">=3.8"

[package.dependencies]
numpy = ">=1.18.5,<1.26.0"

[package.extras]
test = ["pytest", "pytest-cov", "pytest-xdist", "asv", "mpmath", "gmpy2", "threadpoolctl", "scikit-umfpack"]
doc = ["sphinx (!=4.1.0)", "pydata-sphinx-theme (==0.9.0)", "sphinx-panels (>=0.5.2)", "matplotlib (>2)", "numpydoc", "sphinx-tabs"]
dev = ["mypy", "typing-extensions", "pycodestyle", "flake8"]

[[package]]
name = "six"
version = "1.16.0"
description = "Python 2 and 3 compatibility utilities"
category = "main"
optional = false
python-versions = ">=2.7, !=3.0.*, !=3.1.*, !=3.2.*"

[[package]]
name = "threadpoolctl"
version = "3.1.0"
description = "threadpoolctl"
category = "main"
optional = false
python-versions = ">=3.6"

[[package]]
name = "tifffile"
version = "2023.4.12"
description = "Read and write TIFF files"
category = "main"
optional = false
python-versions = ">=3.8"

[package.dependencies]
numpy = "*"

[package.extras]
all = ["imagecodecs (>=2023.1.23)", "matplotlib", "defusedxml", "lxml", "zarr", "fsspec"]

[[package]]
name = "typing-extensions"
version = "4.6.3"
description = "Backported and Experimental Type Hints for Python 3.7+"
category = "main"
optional = false
python-versions = ">=3.7"

[metadata]
lock-version = "1.1"
python-versions = "^3.8"
content-hash = "6741556e764d7f16a760453b64fe6f2a627cfece56eb40adca805c1b18c08280"

[metadata.files]
albumentations = []
cycler = []
imageio = []
joblib = []
kiwisolver = []
matplotlib = []
networkx = []
numpy = [
    {file = "numpy-1.20.1-cp37-cp37m-macosx_10_9_x86_64.whl", hash = "sha256:ae61f02b84a0211abb56462a3b6cd1e7ec39d466d3160eb4e1da8bf6717cdbeb"},
    {file = "numpy-1.20.1-cp37-cp37m-manylinux1_i686.whl", hash = "sha256:65410c7f4398a0047eea5cca9b74009ea61178efd78d1be9847fac1d6716ec1e"},
    {file = "numpy-1.20.1-cp37-cp37m-manylinux1_x86_64.whl", hash = "sha256:2d7e27442599104ee08f4faed56bb87c55f8b10a5494ac2ead5c98a4b289e61f"},
    {file = "numpy-1.20.1-cp37-cp37m-manylinux2010_i686.whl", hash = "sha256:4ed8e96dc146e12c1c5cdd6fb9fd0757f2ba66048bf94c5126b7efebd12d0090"},
    {file = "numpy-1.20.1-cp37-cp37m-manylinux2010_x86_64.whl", hash = "sha256:ecb5b74c702358cdc21268ff4c37f7466357871f53a30e6f84c686952bef16a9"},
    {file = "numpy-1.20.1-cp37-cp37m-manylinux2014_aarch64.whl", hash = "sha256:b9410c0b6fed4a22554f072a86c361e417f0258838957b78bd063bde2c7f841f"},
    {file = "numpy-1.20.1-cp37-cp37m-win32.whl", hash = "sha256:3d3087e24e354c18fb35c454026af3ed8997cfd4997765266897c68d724e4845"},
    {file = "numpy-1.20.1-cp37-cp37m-win_amd64.whl", hash = "sha256:89f937b13b8dd17b0099c7c2e22066883c86ca1575a975f754babc8fbf8d69a9"},
    {file = "numpy-1.20.1-cp38-cp38-macosx_10_9_x86_64.whl", hash = "sha256:a1d7995d1023335e67fb070b2fae6f5968f5be3802b15ad6d79d81ecaa014fe0"},
    {file = "numpy-1.20.1-cp38-cp38-manylinux1_i686.whl", hash = "sha256:60759ab15c94dd0e1ed88241fd4fa3312db4e91d2c8f5a2d4cf3863fad83d65b"},
    {file = "numpy-1.20.1-cp38-cp38-manylinux1_x86_64.whl", hash = "sha256:125a0e10ddd99a874fd357bfa1b636cd58deb78ba4a30b5ddb09f645c3512e04"},
    {file = "numpy-1.20.1-cp38-cp38-manylinux2010_i686.whl", hash = "sha256:c26287dfc888cf1e65181f39ea75e11f42ffc4f4529e5bd19add57ad458996e2"},
    {file = "numpy-1.20.1-cp38-cp38-manylinux2010_x86_64.whl", hash = "sha256:7199109fa46277be503393be9250b983f325880766f847885607d9b13848f257"},
    {file = "numpy-1.20.1-cp38-cp38-manylinux2014_aarch64.whl", hash = "sha256:72251e43ac426ff98ea802a931922c79b8d7596480300eb9f1b1e45e0543571e"},
    {file = "numpy-1.20.1-cp38-cp38-win32.whl", hash = "sha256:c91ec9569facd4757ade0888371eced2ecf49e7982ce5634cc2cf4e7331a4b14"},
    {file = "numpy-1.20.1-cp38-cp38-win_amd64.whl", hash = "sha256:13adf545732bb23a796914fe5f891a12bd74cf3d2986eed7b7eba2941eea1590"},
    {file = "numpy-1.20.1-cp39-cp39-macosx_10_9_x86_64.whl", hash = "sha256:104f5e90b143dbf298361a99ac1af4cf59131218a045ebf4ee5990b83cff5fab"},
    {file = "numpy-1.20.1-cp39-cp39-manylinux2010_i686.whl", hash = "sha256:89e5336f2bec0c726ac7e7cdae181b325a9c0ee24e604704ed830d241c5e47ff"},
    {file = "numpy-1.20.1-cp39-cp39-manylinux2010_x86_64.whl", hash = "sha256:032be656d89bbf786d743fee11d01ef318b0781281241997558fa7950028dd29"},
    {file = "numpy-1.20.1-cp39-cp39-manylinux2014_aarch64.whl", hash = "sha256:66b467adfcf628f66ea4ac6430ded0614f5cc06ba530d09571ea404789064adc"},
    {file = "numpy-1.20.1-cp39-cp39-win32.whl", hash = "sha256:12e4ba5c6420917571f1a5becc9338abbde71dd811ce40b37ba62dec7b39af6d"},
    {file = "numpy-1.20.1-cp39-cp39-win_amd64.whl", hash = "sha256:9c94cab5054bad82a70b2e77741271790304651d584e2cdfe2041488e753863b"},
    {file = "numpy-1.20.1-pp37-pypy37_pp73-manylinux2010_x86_64.whl", hash = "sha256:9eb551d122fadca7774b97db8a112b77231dcccda8e91a5bc99e79890797175e"},
    {file = "numpy-1.20.1.zip", hash = "sha256:3bc63486a870294683980d76ec1e3efc786295ae00128f9ea38e2c6e74d5a60a"},
]
opencv-python = [
    {file = "opencv-python-4.5.1.48.tar.gz", hash = "sha256:78a6db8467639383caedf1d111da3510a4ee1a0aacf2117821cae2ee8f92ce37"},
    {file = "opencv_python-4.5.1.48-cp36-cp36m-macosx_10_13_x86_64.whl", hash = "sha256:bcb27773cfd5340b2b599b303d9f5499838ef4780c20c038f6030175408c64df"},
    {file = "opencv_python-4.5.1.48-cp36-cp36m-manylinux2014_aarch64.whl", hash = "sha256:9646875c501788b1b098f282d777b667d6da69801739504f1b2fd1268970d1da"},
    {file = "opencv_python-4.5.1.48-cp36-cp36m-manylinux2014_i686.whl", hash = "sha256:ebe83901971a6755512424c4fe9f63341cca501b7c497bf608dd38ee31ba3f4c"},
    {file = "opencv_python-4.5.1.48-cp36-cp36m-manylinux2014_x86_64.whl", hash = "sha256:d8aefcb30b71064dbbaa2b0ace161a36464c29375a83998fbda39a1d1740f942"},
    {file = "opencv_python-4.5.1.48-cp36-cp36m-win32.whl", hash = "sha256:32dee1c9fd3e31e28edef7b56f868e2b40e280b7062304f9fb8a14dbc51547d5"},
    {file = "opencv_python-4.5.1.48-cp36-cp36m-win_amd64.whl", hash = "sha256:9c77d508e6822f1f40c727d21b822d017622d8305dce7eccf0ab06caac16d5c6"},
    {file = "opencv_python-4.5.1.48-cp37-cp37m-macosx_10_13_x86_64.whl", hash = "sha256:4982fa8ccc38310a2bd93e06334ba090b12b6aff2f6fcb8ff9613e3c9bc48f48"},
    {file = "opencv_python-4.5.1.48-cp37-cp37m-manylinux2014_aarch64.whl", hash = "sha256:c0503bfaa2b7b743d6ff5d81f1dd8428dbf4c33e7e4f836456d11be20c2e7721"},
    {file = "opencv_python-4.5.1.48-cp37-cp37m-manylinux2014_i686.whl", hash = "sha256:e27d062fa1098d90f48b6c047351c89816492a08906a021c973ce510b04a7b9d"},
    {file = "opencv_python-4.5.1.48-cp37-cp37m-manylinux2014_x86_64.whl", hash = "sha256:6d8434a45e8f75c4da5fd0068ce001f4f8e35771cc851d746d4721eeaf517e25"},
    {file = "opencv_python-4.5.1.48-cp37-cp37m-win32.whl", hash = "sha256:e2c17714da59d9d516ceef0450766ff9557ee232d62f702665af905193557582"},
    {file = "opencv_python-4.5.1.48-cp37-cp37m-win_amd64.whl", hash = "sha256:efac9893d9e21cfb599828801c755ecde8f1e657f05ec6f002efe19422456d5a"},
    {file = "opencv_python-4.5.1.48-cp38-cp38-macosx_10_13_x86_64.whl", hash = "sha256:e77d0feaff37326f62b127098264e2a7099deb476e38432b1083ce11cdedf560"},
    {file = "opencv_python-4.5.1.48-cp38-cp38-manylinux2014_aarch64.whl", hash = "sha256:ffc75c614b8dc3d8102f3ba15dafd6ec0400c7ffa71a91953d41511964ee50e0"},
    {file = "opencv_python-4.5.1.48-cp38-cp38-manylinux2014_i686.whl", hash = "sha256:c1159d91f29a85c3333edef6ca420284566d9bcdae46dda2fe7282515b48c8b6"},
    {file = "opencv_python-4.5.1.48-cp38-cp38-manylinux2014_x86_64.whl", hash = "sha256:d16144c435b816c5536d5ff012c1a2b7e93155017db7103942ff7efb98c4df1f"},
    {file = "opencv_python-4.5.1.48-cp38-cp38-win32.whl", hash = "sha256:b2b9ac86aec5f2dd531545cebdea1a1ef4f81ef1fb1760d78b4725f9575504f9"},
    {file = "opencv_python-4.5.1.48-cp38-cp38-win_amd64.whl", hash = "sha256:30edebc81b260bcfeb760b3600c367c5261dfb2fe41e5d1408d5357d0867b40d"},
    {file = "opencv_python-4.5.1.48-cp39-cp39-macosx_10_13_x86_64.whl", hash = "sha256:e38fbd7b2db03204ec09930609b7313d6b6d2b271c8fe2c0aa271fa69b726a1b"},
    {file = "opencv_python-4.5.1.48-cp39-cp39-manylinux2014_aarch64.whl", hash = "sha256:fc1472b825d26c8a4f1cfb172a90c3cc47733e4af7522276c1c2efe8f6006a8b"},
    {file = "opencv_python-4.5.1.48-cp39-cp39-manylinux2014_i686.whl", hash = "sha256:c4ea4f8b217f3e8be6247fc0787fb81797d85202c722523f41070124a7a621c7"},
    {file = "opencv_python-4.5.1.48-cp39-cp39-manylinux2014_x86_64.whl", hash = "sha256:a1dfa0486db367594510c0c799ec7481247dc86e651b69008806d875ab731471"},
    {file = "opencv_python-4.5.1.48-cp39-cp39-win32.whl", hash = "sha256:5172cb37dfd8a0b4945b071a493eb36e5f17675a160637fa380f9c1d9d80535c"},
    {file = "opencv_python-4.5.1.48-cp39-cp39-win_amd64.whl", hash = "sha256:c8cc1f5ff3c352ebe756119014c4e4ec7ae5ac536d1f66b0316667ced37637c8"},
]
opencv-python-headless = []
packaging = []
pillow = []
pyparsing = []
python-dateutil = []
pywavelets = []
pyyaml = [
    {file = "PyYAML-6.0-cp310-cp310-macosx_10_9_x86_64.whl", hash = "sha256:d4db7c7aef085872ef65a8fd7d6d09a14ae91f691dec3e87ee5ee0539d516f53"},
    {file = "PyYAML-6.0-cp310-cp310-macosx_11_0_arm64.whl", hash = "sha256:9df7ed3b3d2e0ecfe09e14741b857df43adb5a3ddadc919a2d94fbdf78fea53c"},
    {file = "PyYAML-6.0-cp310-cp310-manylinux_2_17_aarch64.manylinux2014_aarch64.whl", hash = "sha256:77f396e6ef4c73fdc33a9157446466f1cff553d979bd00ecb64385760c6babdc"},
    {file = "PyYAML-6.0-cp310-cp310-manylinux_2_17_s390x.manylinux2014_s390x.whl", hash = "sha256:a80a78046a72361de73f8f395f1f1e49f956c6be882eed58505a15f3e430962b"},
    {file = "PyYAML-6.0-cp310-cp310-manylinux_2_5_x86_64.manylinux1_x86_64.manylinux_2_12_x86_64.manylinux2010_x86_64.whl", hash = "sha256:f84fbc98b019fef2ee9a1cb3ce93e3187a6df0b2538a651bfb890254ba9f90b5"},
    {file = "PyYAML-6.0-cp310-cp310-win32.whl", hash = "sha256:2cd5df3de48857ed0544b34e2d40e9fac445930039f3cfe4bcc592a1f836d513"},
    {file = "PyYAML-6.0-cp310-cp310-win_amd64.whl", hash = "sha256:daf496c58a8c52083df09b80c860005194014c3698698d1a57cbcfa182142a3a"},
    {file = "PyYAML-6.0-cp36-cp36m-macosx_10_9_x86_64.whl", hash = "sha256:897b80890765f037df3403d22bab41627ca8811ae55e9a722fd0392850ec4d86"},
    {file = "PyYAML-6.0-cp36-cp36m-manylinux_2_17_aarch64.manylinux2014_aarch64.whl", hash = "sha256:50602afada6d6cbfad699b0c7bb50d5ccffa7e46a3d738092afddc1f9758427f"},
    {file = "PyYAML-6.0-cp36-cp36m-manylinux_2_17_s390x.manylinux2014_s390x.whl", hash = "sha256:48c346915c114f5fdb3ead70312bd042a953a8ce5c7106d5bfb1a5254e47da92"},
    {file = "PyYAML-6.0-cp36-cp36m-manylinux_2_5_x86_64.manylinux1_x86_64.manylinux_2_12_x86_64.manylinux2010_x86_64.whl", hash = "sha256:98c4d36e99714e55cfbaaee6dd5badbc9a1ec339ebfc3b1f52e293aee6bb71a4"},
    {file = "PyYAML-6.0-cp36-cp36m-win32.whl", hash = "sha256:0283c35a6a9fbf047493e3a0ce8d79ef5030852c51e9d911a27badfde0605293"},
    {file = "PyYAML-6.0-cp36-cp36m-win_amd64.whl", hash = "sha256:07751360502caac1c067a8132d150cf3d61339af5691fe9e87803040dbc5db57"},
    {file = "PyYAML-6.0-cp37-cp37m-macosx_10_9_x86_64.whl", hash = "sha256:819b3830a1543db06c4d4b865e70ded25be52a2e0631ccd2f6a47a2822f2fd7c"},
    {file = "PyYAML-6.0-cp37-cp37m-manylinux_2_17_aarch64.manylinux2014_aarch64.whl", hash = "sha256:473f9edb243cb1935ab5a084eb238d842fb8f404ed2193a915d1784b5a6b5fc0"},
    {file = "PyYAML-6.0-cp37-cp37m-manylinux_2_17_s390x.manylinux2014_s390x.whl", hash = "sha256:0ce82d761c532fe4ec3f87fc45688bdd3a4c1dc5e0b4a19814b9009a29baefd4"},
    {file = "PyYAML-6.0-cp37-cp37m-manylinux_2_5_x86_64.manylinux1_x86_64.manylinux_2_12_x86_64.manylinux2010_x86_64.whl", hash = "sha256:231710d57adfd809ef5d34183b8ed1eeae3f76459c18fb4a0b373ad56bedcdd9"},
    {file = "PyYAML-6.0-cp37-cp37m-win32.whl", hash = "sha256:c5687b8d43cf58545ade1fe3e055f70eac7a5a1a0bf42824308d868289a95737"},
    {file = "PyYAML-6.0-cp37-cp37m-win_amd64.whl", hash = "sha256:d15a181d1ecd0d4270dc32edb46f7cb7733c7c508857278d3d378d14d606db2d"},
    {file = "PyYAML-6.0-cp38-cp38-macosx_10_9_x86_64.whl", hash = "sha256:0b4624f379dab24d3725ffde76559cff63d9ec94e1736b556dacdfebe5ab6d4b"},
    {file = "PyYAML-6.0-cp38-cp38-manylinux_2_17_aarch64.manylinux2014_aarch64.whl", hash = "sha256:213c60cd50106436cc818accf5baa1aba61c0189ff610f64f4a3e8c6726218ba"},
    {file = "PyYAML-6.0-cp38-cp38-manylinux_2_17_s390x.manylinux2014_s390x.whl", hash = "sha256:9fa600030013c4de8165339db93d182b9431076eb98eb40ee068700c9c813e34"},
    {file = "PyYAML-6.0-cp38-cp38-manylinux_2_5_x86_64.manylinux1_x86_64.manylinux_2_12_x86_64.manylinux2010_x86_64.whl", hash = "sha256:277a0ef2981ca40581a47093e9e2d13b3f1fbbeffae064c1d21bfceba2030287"},
    {file = "PyYAML-6.0-cp38-cp38-win32.whl", hash = "sha256:d4eccecf9adf6fbcc6861a38015c2a64f38b9d94838ac1810a9023a0609e1b78"},
    {file = "PyYAML-6.0-cp38-cp38-win_amd64.whl", hash = "sha256:1e4747bc279b4f613a09eb64bba2ba602d8a6664c6ce6396a4d0cd413a50ce07"},
    {file = "PyYAML-6.0-cp39-cp39-macosx_10_9_x86_64.whl", hash = "sha256:055d937d65826939cb044fc8c9b08889e8c743fdc6a32b33e2390f66013e449b"},
    {file = "PyYAML-6.0-cp39-cp39-macosx_11_0_arm64.whl", hash = "sha256:e61ceaab6f49fb8bdfaa0f92c4b57bcfbea54c09277b1b4f7ac376bfb7a7c174"},
    {file = "PyYAML-6.0-cp39-cp39-manylinux_2_17_aarch64.manylinux2014_aarch64.whl", hash = "sha256:d67d839ede4ed1b28a4e8909735fc992a923cdb84e618544973d7dfc71540803"},
    {file = "PyYAML-6.0-cp39-cp39-manylinux_2_17_s390x.manylinux2014_s390x.whl", hash = "sha256:cba8c411ef271aa037d7357a2bc8f9ee8b58b9965831d9e51baf703280dc73d3"},
    {file = "PyYAML-6.0-cp39-cp39-manylinux_2_5_x86_64.manylinux1_x86_64.manylinux_2_12_x86_64.manylinux2010_x86_64.whl", hash = "sha256:40527857252b61eacd1d9af500c3337ba8deb8fc298940291486c465c8b46ec0"},
    {file = "PyYAML-6.0-cp39-cp39-win32.whl", hash = "sha256:b5b9eccad747aabaaffbc6064800670f0c297e52c12754eb1d976c57e4f74dcb"},
    {file = "PyYAML-6.0-cp39-cp39-win_amd64.whl", hash = "sha256:b3d267842bf12586ba6c734f89d1f5b871df0273157918b0ccefa29deb05c21c"},
    {file = "PyYAML-6.0.tar.gz", hash = "sha256:68fb519c14306fec9720a2a5b45bc9f0c8d1b9c72adf45c37baedfcd949c35a2"},
]
qudida = []
scikit-image = []
scikit-learn = []
scipy = []
six = []
threadpoolctl = []
tifffile = []
typing-extensions = []
